
Microsoft Visual Studio Solution File, Format Version 12.00
# Visual Studio Version 17
VisualStudioVersion = 17.9.34723.18
MinimumVisualStudioVersion = 10.0.40219.1
Project("{FAE04EC0-301F-11D3-BF4B-00C04F79EFBC}") = "FoodMenuWebApp", "FoodMenuWebApp\FoodMenuWebApp.csproj", "{FDBBD1FD-6C1A-45FC-91AB-7720F55CB988}"
EndProject
Global
	GlobalSection(SolutionConfigurationPlatforms) = preSolution
		Debug|Any CPU = Debug|Any CPU
		Release|Any CPU = Release|Any CPU
	EndGlobalSection
	GlobalSection(ProjectConfigurationPlatforms) = postSolution
		{FDBBD1FD-6C1A-45FC-91AB-7720F55CB988}.Debug|Any CPU.ActiveCfg = Debug|Any CPU
		{FDBBD1FD-6C1A-45FC-91AB-7720F55CB988}.Debug|Any CPU.Build.0 = Debug|Any CPU
		{FDBBD1FD-6C1A-45FC-91AB-7720F55CB988}.Release|Any CPU.ActiveCfg = Release|Any CPU
		{FDBBD1FD-6C1A-45FC-91AB-7720F55CB988}.Release|Any CPU.Build.0 = Release|Any CPU
	EndGlobalSection
	GlobalSection(SolutionProperties) = preSolution
		HideSolutionNode = FALSE
	EndGlobalSection
	GlobalSection(ExtensibilityGlobals) = postSolution
		SolutionGuid = {31214DC9-D71E-45CF-9854-91042F8B3985}
	EndGlobalSection
EndGlobal
